
Microsoft Visual Studio Solution File, Format Version 12.00
# Visual Studio 15
VisualStudioVersion = 15.0.28010.2016
MinimumVisualStudioVersion = 10.0.40219.1
Project("{FAE04EC0-301F-11D3-BF4B-00C04F79EFBC}") = "ReactPractice", "ReactPractice\ReactPractice.csproj", "{03819FA3-4CCE-474E-9335-D3C6652ECABE}"
EndProject
Global
	GlobalSection(SolutionConfigurationPlatforms) = preSolution
		Debug|Any CPU = Debug|Any CPU
		Release|Any CPU = Release|Any CPU
	EndGlobalSection
	GlobalSection(ProjectConfigurationPlatforms) = postSolution
		{03819FA3-4CCE-474E-9335-D3C6652ECABE}.Debug|Any CPU.ActiveCfg = Debug|Any CPU
		{03819FA3-4CCE-474E-9335-D3C6652ECABE}.Debug|Any CPU.Build.0 = Debug|Any CPU
		{03819FA3-4CCE-474E-9335-D3C6652ECABE}.Release|Any CPU.ActiveCfg = Release|Any CPU
		{03819FA3-4CCE-474E-9335-D3C6652ECABE}.Release|Any CPU.Build.0 = Release|Any CPU
	EndGlobalSection
	GlobalSection(SolutionProperties) = preSolution
		HideSolutionNode = FALSE
	EndGlobalSection
	GlobalSection(ExtensibilityGlobals) = postSolution
		SolutionGuid = {EC2578CB-4285-47E6-9B5F-30BDAF94EBC9}
	EndGlobalSection
EndGlobal
